
Microsoft Visual Studio Solution File, Format Version 12.00
# Visual Studio Version 16
VisualStudioVersion = 16.0.30114.105
MinimumVisualStudioVersion = 10.0.40219.1
Project("{9A19103F-16F7-4668-BE54-9A1E7A4F7556}") = "SimpleCalc", "SimpleCalc\SimpleCalc.csproj", "{E2C072DF-4C9A-4476-8A68-21D4A55F99B9}"
EndProject
Project("{9A19103F-16F7-4668-BE54-9A1E7A4F7556}") = "TestSimpleCalc", "TestSimpleCalc\TestSimpleCalc.csproj", "{B28464BD-074B-48CA-9B22-EA297D0717A5}"
EndProject
Global
	GlobalSection(SolutionConfigurationPlatforms) = preSolution
		Debug|Any CPU = Debug|Any CPU
		Debug|x64 = Debug|x64
		Debug|x86 = Debug|x86
		Release|Any CPU = Release|Any CPU
		Release|x64 = Release|x64
		Release|x86 = Release|x86
	EndGlobalSection
	GlobalSection(ProjectConfigurationPlatforms) = postSolution
		{E2C072DF-4C9A-4476-8A68-21D4A55F99B9}.Debug|Any CPU.ActiveCfg = Debug|Any CPU
		{E2C072DF-4C9A-4476-8A68-21D4A55F99B9}.Debug|Any CPU.Build.0 = Debug|Any CPU
		{E2C072DF-4C9A-4476-8A68-21D4A55F99B9}.Debug|x64.ActiveCfg = Debug|Any CPU
		{E2C072DF-4C9A-4476-8A68-21D4A55F99B9}.Debug|x64.Build.0 = Debug|Any CPU
		{E2C072DF-4C9A-4476-8A68-21D4A55F99B9}.Debug|x86.ActiveCfg = Debug|Any CPU
		{E2C072DF-4C9A-4476-8A68-21D4A55F99B9}.Debug|x86.Build.0 = Debug|Any CPU
		{E2C072DF-4C9A-4476-8A68-21D4A55F99B9}.Release|Any CPU.ActiveCfg = Release|Any CPU
		{E2C072DF-4C9A-4476-8A68-21D4A55F99B9}.Release|Any CPU.Build.0 = Release|Any CPU
		{E2C072DF-4C9A-4476-8A68-21D4A55F99B9}.Release|x64.ActiveCfg = Release|Any CPU
		{E2C072DF-4C9A-4476-8A68-21D4A55F99B9}.Release|x64.Build.0 = Release|Any CPU
		{E2C072DF-4C9A-4476-8A68-21D4A55F99B9}.Release|x86.ActiveCfg = Release|Any CPU
		{E2C072DF-4C9A-4476-8A68-21D4A55F99B9}.Release|x86.Build.0 = Release|Any CPU
		{B28464BD-074B-48CA-9B22-EA297D0717A5}.Debug|Any CPU.ActiveCfg = Debug|Any CPU
		{B28464BD-074B-48CA-9B22-EA297D0717A5}.Debug|Any CPU.Build.0 = Debug|Any CPU
		{B28464BD-074B-48CA-9B22-EA297D0717A5}.Debug|x64.ActiveCfg = Debug|Any CPU
		{B28464BD-074B-48CA-9B22-EA297D0717A5}.Debug|x64.Build.0 = Debug|Any CPU
		{B28464BD-074B-48CA-9B22-EA297D0717A5}.Debug|x86.ActiveCfg = Debug|Any CPU
		{B28464BD-074B-48CA-9B22-EA297D0717A5}.Debug|x86.Build.0 = Debug|Any CPU
		{B28464BD-074B-48CA-9B22-EA297D0717A5}.Release|Any CPU.ActiveCfg = Release|Any CPU
		{B28464BD-074B-48CA-9B22-EA297D0717A5}.Release|Any CPU.Build.0 = Release|Any CPU
		{B28464BD-074B-48CA-9B22-EA297D0717A5}.Release|x64.ActiveCfg = Release|Any CPU
		{B28464BD-074B-48CA-9B22-EA297D0717A5}.Release|x64.Build.0 = Release|Any CPU
		{B28464BD-074B-48CA-9B22-EA297D0717A5}.Release|x86.ActiveCfg = Release|Any CPU
		{B28464BD-074B-48CA-9B22-EA297D0717A5}.Release|x86.Build.0 = Release|Any CPU
	EndGlobalSection
	GlobalSection(SolutionProperties) = preSolution
		HideSolutionNode = FALSE
	EndGlobalSection
	GlobalSection(ExtensibilityGlobals) = postSolution
		SolutionGuid = {23506C2D-2A29-463D-9350-32B64D1C7D70}
	EndGlobalSection
EndGlobal
